{
    "_meta": {
        "hash": {
            "sha256": "76b335c431e87b62e37cbfecf58e8543a31347d0c4dcc143db77e018116b967f"
        },
        "host-environment-markers": {
            "implementation_name": "cpython",
            "implementation_version": "3.6.3",
            "os_name": "posix",
            "platform_machine": "x86_64",
            "platform_python_implementation": "CPython",
            "platform_release": "4.13.0-16-lowlatency",
            "platform_system": "Linux",
            "platform_version": "#19-Ubuntu SMP PREEMPT Wed Oct 11 19:51:52 UTC 2017",
            "python_full_version": "3.6.3",
            "python_version": "3.6",
            "sys_platform": "linux"
        },
        "pipfile-spec": 6,
        "requires": {
            "python_version": "3.6"
        },
        "sources": [
            {
                "name": "pypi",
                "url": "https://pypi.python.org/simple",
                "verify_ssl": true
            }
        ]
    },
    "default": {
        "aioamqp": {
            "hashes": [
                "sha256:2fa0c7b1199f196f7bc04d3a486fea1a0ed44387bf0d2241a823116a6dfdadff",
                "sha256:c618af6d005942a2a8711f7548348f9028fac2673f0dc2d192310cef83486204"
            ],
            "version": "==0.10.0"
        }
    },
    "develop": {}
}
